// !$*UTF8*$!
{
	archiveVersion = 1;
	classes = {
	};
	objectVersion = 50;
	objects = {

/* Begin PBXBuildFile section */
		DAD276442269F4FB005A84D9 /* AppDelegate.swift in Sources */ = {isa = PBXBuildFile; fileRef = DAD276432269F4FB005A84D9 /* AppDelegate.swift */; };
		DAD276462269F4FB005A84D9 /* ViewController.swift in Sources */ = {isa = PBXBuildFile; fileRef = DAD276452269F4FB005A84D9 /* ViewController.swift */; };
		DAD276482269F4FF005A84D9 /* Assets.xcassets in Resources */ = {isa = PBXBuildFile; fileRef = DAD276472269F4FF005A84D9 /* Assets.xcassets */; };
		DAD2764B2269F4FF005A84D9 /* Main.storyboard in Resources */ = {isa = PBXBuildFile; fileRef = DAD276492269F4FF005A84D9 /* Main.storyboard */; };
		DAD27655226BAC42005A84D9 /* CoreBluetooth.framework in Frameworks */ = {isa = PBXBuildFile; fileRef = DAD27654226BAC42005A84D9 /* CoreBluetooth.framework */; };
/* End PBXBuildFile section */

/* Begin PBXFileReference section */
		DAD276402269F4FB005A84D9 /* ble_data.app */ = {isa = PBXFileReference; explicitFileType = wrapper.application; includeInIndex = 0; path = ble_data.app; sourceTree = BUILT_PRODUCTS_DIR; };
		DAD276432269F4FB005A84D9 /* AppDelegate.swift */ = {isa = PBXFileReference; lastKnownFileType = sourcecode.swift; path = AppDelegate.swift; sourceTree = "<group>"; };
		DAD276452269F4FB005A84D9 /* ViewController.swift */ = {isa = PBXFileReference; lastKnownFileType = sourcecode.swift; path = ViewController.swift; sourceTree = "<group>"; };
		DAD276472269F4FF005A84D9 /* Assets.xcassets */ = {isa = PBXFileReference; lastKnownFileType = folder.assetcatalog; path = Assets.xcassets; sourceTree = "<group>"; };
		DAD2764A2269F4FF005A84D9 /* Base */ = {isa = PBXFileReference; lastKnownFileType = file.storyboard; name = Base; path = Base.lproj/Main.storyboard; sourceTree = "<group>"; };
		DAD2764C2269F4FF005A84D9 /* Info.plist */ = {isa = PBXFileReference; lastKnownFileType = text.plist.xml; path = Info.plist; sourceTree = "<group>"; };
		DAD2764D2269F4FF005A84D9 /* ble_data.entitlements */ = {isa = PBXFileReference; lastKnownFileType = text.plist.entitlements; path = ble_data.entitlements; sourceTree = "<group>"; };
		DAD27654226BAC42005A84D9 /* CoreBluetooth.framework */ = {isa = PBXFileReference; lastKnownFileType = wrapper.framework; name = CoreBluetooth.framework; path = System/Library/Frameworks/CoreBluetooth.framework; sourceTree = SDKROOT; };
/* End PBXFileReference section */

/* Begin PBXFrameworksBuildPhase section */
		DAD2763D2269F4FB005A84D9 /* Frameworks */ = {
			isa = PBXFrameworksBuildPhase;
			buildActionMask = 2147483647;
			files = (
				DAD27655226BAC42005A84D9 /* CoreBluetooth.framework in Frameworks */,
			);
			runOnlyForDeploymentPostprocessing = 0;
		};
/* End PBXFrameworksBuildPhase section */

/* Begin PBXGroup section */
		DAD276372269F4FB005A84D9 = {
			isa = PBXGroup;
			children = (
				DAD276422269F4FB005A84D9 /* ble_data */,
				DAD276412269F4FB005A84D9 /* Products */,
				DAD27653226BAC41005A84D9 /* Frameworks */,
			);
			sourceTree = "<group>";
		};
		DAD276412269F4FB005A84D9 /* Products */ = {
			isa = PBXGroup;
			children = (
				DAD276402269F4FB005A84D9 /* ble_data.app */,
			);
			name = Products;
			sourceTree = "<group>";
		};
		DAD276422269F4FB005A84D9 /* ble_data */ = {
			isa = PBXGroup;
			children = (
				DAD276432269F4FB005A84D9 /* AppDelegate.swift */,
				DAD276452269F4FB005A84D9 /* ViewController.swift */,
				DAD276472269F4FF005A84D9 /* Assets.xcassets */,
				DAD276492269F4FF005A84D9 /* Main.storyboard */,
				DAD2764C2269F4FF005A84D9 /* Info.plist */,
				DAD2764D2269F4FF005A84D9 /* ble_data.entitlements */,
			);
			path = ble_data;
			sourceTree = "<group>";
		};
		DAD27653226BAC41005A84D9 /* Frameworks */ = {
			isa = PBXGroup;
			children = (
				DAD27654226BAC42005A84D9 /* CoreBluetooth.framework */,
			);
			name = Frameworks;
			sourceTree = "<group>";
		};
/* End PBXGroup section */

/* Begin PBXNativeTarget section */
		DAD2763F2269F4FB005A84D9 /* ble_data */ = {
			isa = PBXNativeTarget;
			buildConfigurationList = DAD276502269F4FF005A84D9 /* Build configuration list for PBXNativeTarget "ble_data" */;
			buildPhases = (
				DAD2763C2269F4FB005A84D9 /* Sources */,
				DAD2763D2269F4FB005A84D9 /* Frameworks */,
				DAD2763E2269F4FB005A84D9 /* Resources */,
			);
			buildRules = (
			);
			dependencies = (
			);
			name = ble_data;
			productName = ble_data;
			productReference = DAD276402269F4FB005A84D9 /* ble_data.app */;
			productType = "com.apple.product-type.application";
		};
/* End PBXNativeTarget section */

/* Begin PBXProject section */
		DAD276382269F4FB005A84D9 /* Project object */ = {
			isa = PBXProject;
			attributes = {
				LastSwiftUpdateCheck = 1020;
				LastUpgradeCheck = 1020;
				ORGANIZATIONNAME = "Yurii Tkachyshyn";
				TargetAttributes = {
					DAD2763F2269F4FB005A84D9 = {
						CreatedOnToolsVersion = 10.2.1;
					};
				};
			};
			buildConfigurationList = DAD2763B2269F4FB005A84D9 /* Build configuration list for PBXProject "ble_data" */;
			compatibilityVersion = "Xcode 9.3";
			developmentRegion = en;
			hasScannedForEncodings = 0;
			knownRegions = (
				en,
				Base,
			);
			mainGroup = DAD276372269F4FB005A84D9;
			productRefGroup = DAD276412269F4FB005A84D9 /* Products */;
			projectDirPath = "";
			projectRoot = "";
			targets = (
				DAD2763F2269F4FB005A84D9 /* ble_data */,
			);
		};
/* End PBXProject section */

/* Begin PBXResourcesBuildPhase section */
		DAD2763E2269F4FB005A84D9 /* Resources */ = {
			isa = PBXResourcesBuildPhase;
			buildActionMask = 2147483647;
			files = (
				DAD276482269F4FF005A84D9 /* Assets.xcassets in Resources */,
				DAD2764B2269F4FF005A84D9 /* Main.storyboard in Resources */,
			);
			runOnlyForDeploymentPostprocessing = 0;
		};
/* End PBXResourcesBuildPhase section */

/* Begin PBXSourcesBuildPhase section */
		DAD2763C2269F4FB005A84D9 /* Sources */ = {
			isa = PBXSourcesBuildPhase;
			buildActionMask = 2147483647;
			files = (
				DAD276462269F4FB005A84D9 /* ViewController.swift in Sources */,
				DAD276442269F4FB005A84D9 /* AppDelegate.swift in Sources */,
			);
			runOnlyForDeploymentPostprocessing = 0;
		};
/* End PBXSourcesBuildPhase section */

/* Begin PBXVariantGroup section */
		DAD276492269F4FF005A84D9 /* Main.storyboard */ = {
			isa = PBXVariantGroup;
			children = (
				DAD2764A2269F4FF005A84D9 /* Base */,
			);
			name = Main.storyboard;
			sourceTree = "<group>";
		};
/* End PBXVariantGroup section */

/* Begin XCBuildConfiguration section */
		DAD2764E2269F4FF005A84D9 /* Debug */ = {
			isa = XCBuildConfiguration;
			buildSettings = {
				ALWAYS_SEARCH_USER_PATHS = NO;
				CLANG_ANALYZER_NONNULL = YES;
				CLANG_ANALYZER_NUMBER_OBJECT_CONVERSION = YES_AGGRESSIVE;
				CLANG_CXX_LANGUAGE_STANDARD = "gnu++14";
				CLANG_CXX_LIBRARY = "libc++";
				CLANG_ENABLE_MODULES = YES;
				CLANG_ENABLE_OBJC_ARC = YES;
				CLANG_ENABLE_OBJC_WEAK = YES;
				CLANG_WARN_BLOCK_CAPTURE_AUTORELEASING = YES;
				CLANG_WARN_BOOL_CONVERSION = YES;
				CLANG_WARN_COMMA = YES;
				CLANG_WARN_CONSTANT_CONVERSION = YES;
				CLANG_WARN_DEPRECATED_OBJC_IMPLEMENTATIONS = YES;
				CLANG_WARN_DIRECT_OBJC_ISA_USAGE = YES_ERROR;
				CLANG_WARN_DOCUMENTATION_COMMENTS = YES;
				CLANG_WARN_EMPTY_BODY = YES;
				CLANG_WARN_ENUM_CONVERSION = YES;
				CLANG_WARN_INFINITE_RECURSION = YES;
				CLANG_WARN_INT_CONVERSION = YES;
				CLANG_WARN_NON_LITERAL_NULL_CONVERSION = YES;
				CLANG_WARN_OBJC_IMPLICIT_RETAIN_SELF = YES;
				CLANG_WARN_OBJC_LITERAL_CONVERSION = YES;
				CLANG_WARN_OBJC_ROOT_CLASS = YES_ERROR;
				CLANG_WARN_RANGE_LOOP_ANALYSIS = YES;
				CLANG_WARN_STRICT_PROTOTYPES = YES;
				CLANG_WARN_SUSPICIOUS_MOVE = YES;
				CLANG_WARN_UNGUARDED_AVAILABILITY = YES_AGGRESSIVE;
				CLANG_WARN_UNREACHABLE_CODE = YES;
				CLANG_WARN__DUPLICATE_METHOD_MATCH = YES;
				CODE_SIGN_IDENTITY = "Mac Developer";
				COPY_PHASE_STRIP = NO;
				DEBUG_INFORMATION_FORMAT = dwarf;
				ENABLE_STRICT_OBJC_MSGSEND = YES;
				ENABLE_TESTABILITY = YES;
				GCC_C_LANGUAGE_STANDARD = gnu11;
				GCC_DYNAMIC_NO_PIC = NO;
				GCC_NO_COMMON_BLOCKS = YES;
				GCC_OPTIMIZATION_LEVEL = 0;
				GCC_PREPROCESSOR_DEFINITIONS = (
					"DEBUG=1",
					"$(inherited)",
				);
				GCC_WARN_64_TO_32_BIT_CONVERSION = YES;
				GCC_WARN_ABOUT_RETURN_TYPE = YES_ERROR;
				GCC_WARN_UNDECLARED_SELECTOR = YES;
				GCC_WARN_UNINITIALIZED_AUTOS = YES_AGGRESSIVE;
				GCC_WARN_UNUSED_FUNCTION = YES;
				GCC_WARN_UNUSED_VARIABLE = YES;
				MACOSX_DEPLOYMENT_TARGET = 10.14;
				MTL_ENABLE_DEBUG_INFO = INCLUDE_SOURCE;
				MTL_FAST_MATH = YES;
				ONLY_ACTIVE_ARCH = YES;
				SDKROOT = macosx;
				SWIFT_ACTIVE_COMPILATION_CONDITIONS = DEBUG;
				SWIFT_OPTIMIZATION_LEVEL = "-Onone";
			};
			name = Debug;
		};
		DAD2764F2269F4FF005A84D9 /* Release */ = {
			isa = XCBuildConfiguration;
			buildSettings = {
				ALWAYS_SEARCH_USER_PATHS = NO;
				CLANG_ANALYZER_NONNULL = YES;
				CLANG_ANALYZER_NUMBER_OBJECT_CONVERSION = YES_AGGRESSIVE;
				CLANG_CXX_LANGUAGE_STANDARD = "gnu++14";
				CLANG_CXX_LIBRARY = "libc++";
				CLANG_ENABLE_MODULES = YES;
				CLANG_ENABLE_OBJC_ARC = YES;
				CLANG_ENABLE_OBJC_WEAK = YES;
				CLANG_WARN_BLOCK_CAPTURE_AUTORELEASING = YES;
				CLANG_WARN_BOOL_CONVERSION = YES;
				CLANG_WARN_COMMA = YES;
				CLANG_WARN_CONSTANT_CONVERSION = YES;
				CLANG_WARN_DEPRECATED_OBJC_IMPLEMENTATIONS = YES;
				CLANG_WARN_DIRECT_OBJC_ISA_USAGE = YES_ERROR;
				CLANG_WARN_DOCUMENTATION_COMMENTS = YES;
				CLANG_WARN_EMPTY_BODY = YES;
				CLANG_WARN_ENUM_CONVERSION = YES;
				CLANG_WARN_INFINITE_RECURSION = YES;
				CLANG_WARN_INT_CONVERSION = YES;
				CLANG_WARN_NON_LITERAL_NULL_CONVERSION = YES;
				CLANG_WARN_OBJC_IMPLICIT_RETAIN_SELF = YES;
				CLANG_WARN_OBJC_LITERAL_CONVERSION = YES;
				CLANG_WARN_OBJC_ROOT_CLASS = YES_ERROR;
				CLANG_WARN_RANGE_LOOP_ANALYSIS = YES;
				CLANG_WARN_STRICT_PROTOTYPES = YES;
				CLANG_WARN_SUSPICIOUS_MOVE = YES;
				CLANG_WARN_UNGUARDED_AVAILABILITY = YES_AGGRESSIVE;
				CLANG_WARN_UNREACHABLE_CODE = YES;
				CLANG_WARN__DUPLICATE_METHOD_MATCH = YES;
				CODE_SIGN_IDENTITY = "Mac Developer";
				COPY_PHASE_STRIP = NO;
				DEBUG_INFORMATION_FORMAT = "dwarf-with-dsym";
				ENABLE_NS_ASSERTIONS = NO;
				ENABLE_STRICT_OBJC_MSGSEND = YES;
				GCC_C_LANGUAGE_STANDARD = gnu11;
				GCC_NO_COMMON_BLOCKS = YES;
				GCC_WARN_64_TO_32_BIT_CONVERSION = YES;
				GCC_WARN_ABOUT_RETURN_TYPE = YES_ERROR;
				GCC_WARN_UNDECLARED_SELECTOR = YES;
				GCC_WARN_UNINITIALIZED_AUTOS = YES_AGGRESSIVE;
				GCC_WARN_UNUSED_FUNCTION = YES;
				GCC_WARN_UNUSED_VARIABLE = YES;
				MACOSX_DEPLOYMENT_TARGET = 10.14;
				MTL_ENABLE_DEBUG_INFO = NO;
				MTL_FAST_MATH = YES;
				SDKROOT = macosx;
				SWIFT_COMPILATION_MODE = wholemodule;
				SWIFT_OPTIMIZATION_LEVEL = "-O";
			};
			name = Release;
		};
		DAD276512269F4FF005A84D9 /* Debug */ = {
			isa = XCBuildConfiguration;
			buildSettings = {
				ASSETCATALOG_COMPILER_APPICON_NAME = AppIcon;
				CODE_SIGN_STYLE = Automatic;
				COMBINE_HIDPI_IMAGES = YES;
				DEVELOPMENT_TEAM = J7W4368AP2;
				INFOPLIST_FILE = ble_data/Info.plist;
				LD_RUNPATH_SEARCH_PATHS = (
					"$(inherited)",
					"@executable_path/../Frameworks",
				);
				PRODUCT_BUNDLE_IDENTIFIER = "home.ble-data";
				PRODUCT_NAME = "$(TARGET_NAME)";
				SWIFT_VERSION = 5.0;
			};
			name = Debug;
		};
		DAD276522269F4FF005A84D9 /* Release */ = {
			isa = XCBuildConfiguration;
			buildSettings = {
				ASSETCATALOG_COMPILER_APPICON_NAME = AppIcon;
				CODE_SIGN_STYLE = Automatic;
				COMBINE_HIDPI_IMAGES = YES;
				DEVELOPMENT_TEAM = J7W4368AP2;
				INFOPLIST_FILE = ble_data/Info.plist;
				LD_RUNPATH_SEARCH_PATHS = (
					"$(inherited)",
					"@executable_path/../Frameworks",
				);
				PRODUCT_BUNDLE_IDENTIFIER = "home.ble-data";
				PRODUCT_NAME = "$(TARGET_NAME)";
				SWIFT_VERSION = 5.0;
			};
			name = Release;
		};
/* End XCBuildConfiguration section */

/* Begin XCConfigurationList section */
		DAD2763B2269F4FB005A84D9 /* Build configuration list for PBXProject "ble_data" */ = {
			isa = XCConfigurationList;
			buildConfigurations = (
				DAD2764E2269F4FF005A84D9 /* Debug */,
				DAD2764F2269F4FF005A84D9 /* Release */,
			);
			defaultConfigurationIsVisible = 0;
			defaultConfigurationName = Release;
		};
		DAD276502269F4FF005A84D9 /* Build configuration list for PBXNativeTarget "ble_data" */ = {
			isa = XCConfigurationList;
			buildConfigurations = (
				DAD276512269F4FF005A84D9 /* Debug */,
				DAD276522269F4FF005A84D9 /* Release */,
			);
			defaultConfigurationIsVisible = 0;
			defaultConfigurationName = Release;
		};
/* End XCConfigurationList section */
	};
	rootObject = DAD276382269F4FB005A84D9 /* Project object */;
}
